
Microsoft Visual Studio Solution File, Format Version 12.00
# Visual Studio Version 17
VisualStudioVersion = 17.1.32319.34
MinimumVisualStudioVersion = 10.0.40219.1
Project("{FAE04EC0-301F-11D3-BF4B-00C04F79EFBC}") = "Projekti CSharp", "Projekti CSharp.csproj", "{CE884A0C-D772-4435-B412-A0D5635779E1}"
EndProject
Global
	GlobalSection(SolutionConfigurationPlatforms) = preSolution
		Debug|Any CPU = Debug|Any CPU
		Release|Any CPU = Release|Any CPU
	EndGlobalSection
	GlobalSection(ProjectConfigurationPlatforms) = postSolution
		{CE884A0C-D772-4435-B412-A0D5635779E1}.Debug|Any CPU.ActiveCfg = Debug|Any CPU
		{CE884A0C-D772-4435-B412-A0D5635779E1}.Debug|Any CPU.Build.0 = Debug|Any CPU
		{CE884A0C-D772-4435-B412-A0D5635779E1}.Release|Any CPU.ActiveCfg = Release|Any CPU
		{CE884A0C-D772-4435-B412-A0D5635779E1}.Release|Any CPU.Build.0 = Release|Any CPU
	EndGlobalSection
	GlobalSection(SolutionProperties) = preSolution
		HideSolutionNode = FALSE
	EndGlobalSection
	GlobalSection(ExtensibilityGlobals) = postSolution
		SolutionGuid = {6225F8FE-9C94-44FB-A3BB-FA64DAEC08A7}
	EndGlobalSection
EndGlobal
